
Microsoft Visual Studio Solution File, Format Version 12.00
# Visual Studio Version 17
VisualStudioVersion = 17.2.32630.192
MinimumVisualStudioVersion = 10.0.40219.1
Project("{FAE04EC0-301F-11D3-BF4B-00C04F79EFBC}") = "ProgramacaoAssincrona", "ProgramacaoAssincrona\ProgramacaoAssincrona.csproj", "{3B04CA68-C5F3-43D5-A6B2-E60DAFAD7EEC}"
EndProject
Global
	GlobalSection(SolutionConfigurationPlatforms) = preSolution
		Debug|Any CPU = Debug|Any CPU
		Release|Any CPU = Release|Any CPU
	EndGlobalSection
	GlobalSection(ProjectConfigurationPlatforms) = postSolution
		{3B04CA68-C5F3-43D5-A6B2-E60DAFAD7EEC}.Debug|Any CPU.ActiveCfg = Debug|Any CPU
		{3B04CA68-C5F3-43D5-A6B2-E60DAFAD7EEC}.Debug|Any CPU.Build.0 = Debug|Any CPU
		{3B04CA68-C5F3-43D5-A6B2-E60DAFAD7EEC}.Release|Any CPU.ActiveCfg = Release|Any CPU
		{3B04CA68-C5F3-43D5-A6B2-E60DAFAD7EEC}.Release|Any CPU.Build.0 = Release|Any CPU
	EndGlobalSection
	GlobalSection(SolutionProperties) = preSolution
		HideSolutionNode = FALSE
	EndGlobalSection
	GlobalSection(ExtensibilityGlobals) = postSolution
		SolutionGuid = {D4D5B925-3124-4130-810F-AD3FFEA7A3AE}
	EndGlobalSection
EndGlobal
