
Microsoft Visual Studio Solution File, Format Version 12.00
# Visual Studio Version 17
VisualStudioVersion = 17.2.32602.215
MinimumVisualStudioVersion = 10.0.40219.1
Project("{9A19103F-16F7-4668-BE54-9A1E7A4F7556}") = "LogicaNegocio", "LogicaNegocio\LogicaNegocio.csproj", "{00A7FAFD-8B19-49B8-881A-A5F18A63CF88}"
EndProject
Project("{9A19103F-16F7-4668-BE54-9A1E7A4F7556}") = "Modelo", "Modelo\Modelo.csproj", "{4E685D51-8CF4-4424-AC0D-A7E183692EB2}"
EndProject
Project("{9A19103F-16F7-4668-BE54-9A1E7A4F7556}") = "ConsoleApplication", "ConsoleApplication\ConsoleApplication.csproj", "{74435827-CA8B-49D1-A3DE-6461BC91C13C}"
EndProject
Project("{9A19103F-16F7-4668-BE54-9A1E7A4F7556}") = "AplicacaoWeb", "AplicacaoWeb\AplicacaoWeb.csproj", "{A25DD9B8-AE1C-4E25-9D91-FD789309F625}"
EndProject
Project("{9A19103F-16F7-4668-BE54-9A1E7A4F7556}") = "Tests", "Tests\Tests.csproj", "{088C4BAC-B37F-4833-B864-6A57EB9F4B61}"
EndProject
Global
	GlobalSection(SolutionConfigurationPlatforms) = preSolution
		Debug|Any CPU = Debug|Any CPU
		Release|Any CPU = Release|Any CPU
	EndGlobalSection
	GlobalSection(ProjectConfigurationPlatforms) = postSolution
		{00A7FAFD-8B19-49B8-881A-A5F18A63CF88}.Debug|Any CPU.ActiveCfg = Debug|Any CPU
		{00A7FAFD-8B19-49B8-881A-A5F18A63CF88}.Debug|Any CPU.Build.0 = Debug|Any CPU
		{00A7FAFD-8B19-49B8-881A-A5F18A63CF88}.Release|Any CPU.ActiveCfg = Release|Any CPU
		{00A7FAFD-8B19-49B8-881A-A5F18A63CF88}.Release|Any CPU.Build.0 = Release|Any CPU
		{4E685D51-8CF4-4424-AC0D-A7E183692EB2}.Debug|Any CPU.ActiveCfg = Debug|Any CPU
		{4E685D51-8CF4-4424-AC0D-A7E183692EB2}.Debug|Any CPU.Build.0 = Debug|Any CPU
		{4E685D51-8CF4-4424-AC0D-A7E183692EB2}.Release|Any CPU.ActiveCfg = Release|Any CPU
		{4E685D51-8CF4-4424-AC0D-A7E183692EB2}.Release|Any CPU.Build.0 = Release|Any CPU
		{74435827-CA8B-49D1-A3DE-6461BC91C13C}.Debug|Any CPU.ActiveCfg = Debug|Any CPU
		{74435827-CA8B-49D1-A3DE-6461BC91C13C}.Debug|Any CPU.Build.0 = Debug|Any CPU
		{74435827-CA8B-49D1-A3DE-6461BC91C13C}.Release|Any CPU.ActiveCfg = Release|Any CPU
		{74435827-CA8B-49D1-A3DE-6461BC91C13C}.Release|Any CPU.Build.0 = Release|Any CPU
		{A25DD9B8-AE1C-4E25-9D91-FD789309F625}.Debug|Any CPU.ActiveCfg = Debug|Any CPU
		{A25DD9B8-AE1C-4E25-9D91-FD789309F625}.Debug|Any CPU.Build.0 = Debug|Any CPU
		{A25DD9B8-AE1C-4E25-9D91-FD789309F625}.Release|Any CPU.ActiveCfg = Release|Any CPU
		{A25DD9B8-AE1C-4E25-9D91-FD789309F625}.Release|Any CPU.Build.0 = Release|Any CPU
		{088C4BAC-B37F-4833-B864-6A57EB9F4B61}.Debug|Any CPU.ActiveCfg = Debug|Any CPU
		{088C4BAC-B37F-4833-B864-6A57EB9F4B61}.Debug|Any CPU.Build.0 = Debug|Any CPU
		{088C4BAC-B37F-4833-B864-6A57EB9F4B61}.Release|Any CPU.ActiveCfg = Release|Any CPU
		{088C4BAC-B37F-4833-B864-6A57EB9F4B61}.Release|Any CPU.Build.0 = Release|Any CPU
	EndGlobalSection
	GlobalSection(SolutionProperties) = preSolution
		HideSolutionNode = FALSE
	EndGlobalSection
	GlobalSection(ExtensibilityGlobals) = postSolution
		SolutionGuid = {37137EE9-C29C-4EB3-B9A3-C66169238839}
	EndGlobalSection
EndGlobal
